
Microsoft Visual Studio Solution File, Format Version 12.00
# Visual Studio Version 17
VisualStudioVersion = 17.10.35013.160
MinimumVisualStudioVersion = 10.0.40219.1
Project("{FAE04EC0-301F-11D3-BF4B-00C04F79EFBC}") = "bulkyB", "bulkyB\bulkyB.csproj", "{39239E74-12ED-4030-AA2C-F0B501974711}"
EndProject
Global
	GlobalSection(SolutionConfigurationPlatforms) = preSolution
		Debug|Any CPU = Debug|Any CPU
		Release|Any CPU = Release|Any CPU
	EndGlobalSection
	GlobalSection(ProjectConfigurationPlatforms) = postSolution
		{39239E74-12ED-4030-AA2C-F0B501974711}.Debug|Any CPU.ActiveCfg = Debug|Any CPU
		{39239E74-12ED-4030-AA2C-F0B501974711}.Debug|Any CPU.Build.0 = Debug|Any CPU
		{39239E74-12ED-4030-AA2C-F0B501974711}.Release|Any CPU.ActiveCfg = Release|Any CPU
		{39239E74-12ED-4030-AA2C-F0B501974711}.Release|Any CPU.Build.0 = Release|Any CPU
	EndGlobalSection
	GlobalSection(SolutionProperties) = preSolution
		HideSolutionNode = FALSE
	EndGlobalSection
	GlobalSection(ExtensibilityGlobals) = postSolution
		SolutionGuid = {5B7E209F-0416-46D0-AE26-AEE2E7B6501B}
	EndGlobalSection
EndGlobal
